lockfileVersion: '9.0'

settings:
  autoInstallPeers: true
  excludeLinksFromLockfile: false

importers:

  .:
    devDependencies:
      turbo:
        specifier: ^2.5.0
        version: 2.11.4

packages:

  '@turbo/darwin-64@2.11.4':
    resolution: {integrity: sha512-fEmcQVa95k79tZjcay5b2A4cpR/VrlNUki4AN7EbA+32vj5C5rBUE1q3i2yOFxsB2n01sOlzIZ+s2p2zADCTig==}
    cpu: [x64]
    os: [darwin]

  '@turbo/darwin-arm64@2.11.4':
    resolution: {integrity: sha512-SgXCVgBC1v+bdE6+KQGV6Kob7nBYo75zxzNFFuA4jLdM0J8lYamdTUoZSHLR0dy+kXVEYZqSC98CKqC17NG3Og==}
    cpu: [arm64]
    os: [darwin]

  '@turbo/linux-64@2.11.4':
    resolution: {integrity: sha512-MWM7Au6NPJMBmHJAzFzQ/PACYNRpBOqnBkj+7csdR+YhJ+0XBg4Z64wFwLnGFDac0gc+YlasWOZ5t05bGs54aQ==}
    cpu: [x64]
    os: [android, linux]

  '@turbo/linux-arm64@2.11.4':
    resolution: {integrity: sha512-rRVOh0UNlLbKPuf70FokqjahO/hCGgBmgvZcNXUPayn8Wk0zXIsVoNKpr0UQUhhR+KMiibvBKkVAGDViDFQHKA==}
    cpu: [arm64]
    os: [android, linux]

  '@turbo/windows-64@2.11.4':
    resolution: {integrity: sha512-COr+++1GwDg09XbJdm3sP1gEQApeV43UknYP9h82qet1tAGJrGQAxKVTMrf2JMsMw8MkJRnQj3gAVuQmV1kIyQ==}
    cpu: [x64]
    os: [win32]

  '@turbo/windows-arm64@2.11.4':
    resolution: {integrity: sha512-gh5lwDA2d4aBdLvTANhFsFEgxbBqKZ4m4dCyChw9GoX8b+Esk8H3p25Q+rlWCUVJ2o6Hne10ZTL0QSFfWD4gIA==}
    cpu: [arm64]
    os: [win32]

  turbo@2.11.4:
    resolution: {integrity: sha512-nedZtJ2hjWpU/JBFq7Aj1GQBxQ56si+kIUmNZBUX35O35TIuhSBR6/u3yHHmk81U+RBdBcVjvLQ3/iOFzMwKsA==}
    hasBin: true

snapshots:

  '@turbo/darwin-64@2.11.4':
    optional: true

  '@turbo/darwin-arm64@2.11.4':
    optional: true

  '@turbo/linux-64@2.11.4':
    optional: true

  '@turbo/linux-arm64@2.11.4':
    optional: true

  '@turbo/windows-64@2.11.4':
    optional: true

  '@turbo/windows-arm64@2.11.4':
    optional: true

  turbo@2.11.4:
    optionalDependencies:
      '@turbo/darwin-64': 2.11.4
      '@turbo/darwin-arm64': 2.11.4
      '@turbo/linux-64': 2.11.4
      '@turbo/linux-arm64': 2.11.4
      '@turbo/windows-64': 2.11.4
      '@turbo/windows-arm64': 2.11.4
